// !$*UTF8*$!
{
	archiveVersion = 1;
	classes = {
	};
	objectVersion = 48;
	objects = {

/* Begin PBXBuildFile section */
		E018486A1FAF6885006F8EF0 /* User+CoreDataClass.swift in Sources */ = {isa = PBXBuildFile; fileRef = E01848681FAF6885006F8EF0 /* User+CoreDataClass.swift */; };
		E018486B1FAF6885006F8EF0 /* User+CoreDataProperties.swift in Sources */ = {isa = PBXBuildFile; fileRef = E01848691FAF6885006F8EF0 /* User+CoreDataProperties.swift */; };
		E018486E1FAF68A4006F8EF0 /* Tweet+CoreDataClass.swift in Sources */ = {isa = PBXBuildFile; fileRef = E018486C1FAF68A4006F8EF0 /* Tweet+CoreDataClass.swift */; };
		E018486F1FAF68A4006F8EF0 /* Tweet+CoreDataProperties.swift in Sources */ = {isa = PBXBuildFile; fileRef = E018486D1FAF68A4006F8EF0 /* Tweet+CoreDataProperties.swift */; };
		E01848711FAF6D16006F8EF0 /* TweetsListViewController.swift in Sources */ = {isa = PBXBuildFile; fileRef = E01848701FAF6D16006F8EF0 /* TweetsListViewController.swift */; };
		E01848731FAF6FF2006F8EF0 /* AddTweetViewController.swift in Sources */ = {isa = PBXBuildFile; fileRef = E01848721FAF6FF2006F8EF0 /* AddTweetViewController.swift */; };
		E01848751FAF75B3006F8EF0 /* TweetTableViewCell.swift in Sources */ = {isa = PBXBuildFile; fileRef = E01848741FAF75B3006F8EF0 /* TweetTableViewCell.swift */; };
		E0A5D5631FAECEBB00BB797B /* AppDelegate.swift in Sources */ = {isa = PBXBuildFile; fileRef = E0A5D5621FAECEBB00BB797B /* AppDelegate.swift */; };
		E0A5D5651FAECEBB00BB797B /* LoginViewController.swift in Sources */ = {isa = PBXBuildFile; fileRef = E0A5D5641FAECEBB00BB797B /* LoginViewController.swift */; };
		E0A5D5681FAECEBB00BB797B /* Main.storyboard in Resources */ = {isa = PBXBuildFile; fileRef = E0A5D5661FAECEBB00BB797B /* Main.storyboard */; };
		E0A5D56B1FAECEBB00BB797B /* CoreDataTwitter.xcdatamodeld in Sources */ = {isa = PBXBuildFile; fileRef = E0A5D5691FAECEBB00BB797B /* CoreDataTwitter.xcdatamodeld */; };
		E0A5D56D1FAECEBB00BB797B /* Assets.xcassets in Resources */ = {isa = PBXBuildFile; fileRef = E0A5D56C1FAECEBB00BB797B /* Assets.xcassets */; };
		E0A5D5701FAECEBB00BB797B /* LaunchScreen.storyboard in Resources */ = {isa = PBXBuildFile; fileRef = E0A5D56E1FAECEBB00BB797B /* LaunchScreen.storyboard */; };
		E0A5D57B1FAECEBB00BB797B /* CoreDataTwitterTests.swift in Sources */ = {isa = PBXBuildFile; fileRef = E0A5D57A1FAECEBB00BB797B /* CoreDataTwitterTests.swift */; };
		E0A5D5861FAECEBB00BB797B /* CoreDataTwitterUITests.swift in Sources */ = {isa = PBXBuildFile; fileRef = E0A5D5851FAECEBB00BB797B /* CoreDataTwitterUITests.swift */; };
/* End PBXBuildFile section */

/* Begin PBXContainerItemProxy section */
		E0A5D5771FAECEBB00BB797B /* PBXContainerItemProxy */ = {
			isa = PBXContainerItemProxy;
			containerPortal = E0A5D5571FAECEBA00BB797B /* Project object */;
			proxyType = 1;
			remoteGlobalIDString = E0A5D55E1FAECEBA00BB797B;
			remoteInfo = CoreDataTwitter;
		};
		E0A5D5821FAECEBB00BB797B /* PBXContainerItemProxy */ = {
			isa = PBXContainerItemProxy;
			containerPortal = E0A5D5571FAECEBA00BB797B /* Project object */;
			proxyType = 1;
			remoteGlobalIDString = E0A5D55E1FAECEBA00BB797B;
			remoteInfo = CoreDataTwitter;
		};
/* End PBXContainerItemProxy section */

/* Begin PBXFileReference section */
		E01848681FAF6885006F8EF0 /* User+CoreDataClass.swift */ = {isa = PBXFileReference; lastKnownFileType = sourcecode.swift; path = "User+CoreDataClass.swift"; sourceTree = "<group>"; };
		E01848691FAF6885006F8EF0 /* User+CoreDataProperties.swift */ = {isa = PBXFileReference; lastKnownFileType = sourcecode.swift; path = "User+CoreDataProperties.swift"; sourceTree = "<group>"; };
		E018486C1FAF68A4006F8EF0 /* Tweet+CoreDataClass.swift */ = {isa = PBXFileReference; lastKnownFileType = sourcecode.swift; path = "Tweet+CoreDataClass.swift"; sourceTree = "<group>"; };
		E018486D1FAF68A4006F8EF0 /* Tweet+CoreDataProperties.swift */ = {isa = PBXFileReference; lastKnownFileType = sourcecode.swift; path = "Tweet+CoreDataProperties.swift"; sourceTree = "<group>"; };
		E01848701FAF6D16006F8EF0 /* TweetsListViewController.swift */ = {isa = PBXFileReference; lastKnownFileType = sourcecode.swift; path = TweetsListViewController.swift; sourceTree = "<group>"; };
		E01848721FAF6FF2006F8EF0 /* AddTweetViewController.swift */ = {isa = PBXFileReference; lastKnownFileType = sourcecode.swift; path = AddTweetViewController.swift; sourceTree = "<group>"; };
		E01848741FAF75B3006F8EF0 /* TweetTableViewCell.swift */ = {isa = PBXFileReference; lastKnownFileType = sourcecode.swift; path = TweetTableViewCell.swift; sourceTree = "<group>"; };
		E0A5D55F1FAECEBA00BB797B /* CoreDataTwitter.app */ = {isa = PBXFileReference; explicitFileType = wrapper.application; includeInIndex = 0; path = CoreDataTwitter.app; sourceTree = BUILT_PRODUCTS_DIR; };
		E0A5D5621FAECEBB00BB797B /* AppDelegate.swift */ = {isa = PBXFileReference; lastKnownFileType = sourcecode.swift; path = AppDelegate.swift; sourceTree = "<group>"; };
		E0A5D5641FAECEBB00BB797B /* LoginViewController.swift */ = {isa = PBXFileReference; lastKnownFileType = sourcecode.swift; path = LoginViewController.swift; sourceTree = "<group>"; };
		E0A5D5671FAECEBB00BB797B /* Base */ = {isa = PBXFileReference; lastKnownFileType = file.storyboard; name = Base; path = Base.lproj/Main.storyboard; sourceTree = "<group>"; };
		E0A5D56A1FAECEBB00BB797B /* CoreDataTwitter.xcdatamodel */ = {isa = PBXFileReference; lastKnownFileType = wrapper.xcdatamodel; path = CoreDataTwitter.xcdatamodel; sourceTree = "<group>"; };
		E0A5D56C1FAECEBB00BB797B /* Assets.xcassets */ = {isa = PBXFileReference; lastKnownFileType = folder.assetcatalog; path = Assets.xcassets; sourceTree = "<group>"; };
		E0A5D56F1FAECEBB00BB797B /* Base */ = {isa = PBXFileReference; lastKnownFileType = file.storyboard; name = Base; path = Base.lproj/LaunchScreen.storyboard; sourceTree = "<group>"; };
		E0A5D5711FAECEBB00BB797B /* Info.plist */ = {isa = PBXFileReference; lastKnownFileType = text.plist.xml; path = Info.plist; sourceTree = "<group>"; };
		E0A5D5761FAECEBB00BB797B /* CoreDataTwitterTests.xctest */ = {isa = PBXFileReference; explicitFileType = wrapper.cfbundle; includeInIndex = 0; path = CoreDataTwitterTests.xctest; sourceTree = BUILT_PRODUCTS_DIR; };
		E0A5D57A1FAECEBB00BB797B /* CoreDataTwitterTests.swift */ = {isa = PBXFileReference; lastKnownFileType = sourcecode.swift; path = CoreDataTwitterTests.swift; sourceTree = "<group>"; };
		E0A5D57C1FAECEBB00BB797B /* Info.plist */ = {isa = PBXFileReference; lastKnownFileType = text.plist.xml; path = Info.plist; sourceTree = "<group>"; };
		E0A5D5811FAECEBB00BB797B /* CoreDataTwitterUITests.xctest */ = {isa = PBXFileReference; explicitFileType = wrapper.cfbundle; includeInIndex = 0; path = CoreDataTwitterUITests.xctest; sourceTree = BUILT_PRODUCTS_DIR; };
		E0A5D5851FAECEBB00BB797B /* CoreDataTwitterUITests.swift */ = {isa = PBXFileReference; lastKnownFileType = sourcecode.swift; path = CoreDataTwitterUITests.swift; sourceTree = "<group>"; };
		E0A5D5871FAECEBB00BB797B /* Info.plist */ = {isa = PBXFileReference; lastKnownFileType = text.plist.xml; path = Info.plist; sourceTree = "<group>"; };
/* End PBXFileReference section */

/* Begin PBXFrameworksBuildPhase section */
		E0A5D55C1FAECEBA00BB797B /* Frameworks */ = {
			isa = PBXFrameworksBuildPhase;
			buildActionMask = 2147483647;
			files = (
			);
			runOnlyForDeploymentPostprocessing = 0;
		};
		E0A5D5731FAECEBB00BB797B /* Frameworks */ = {
			isa = PBXFrameworksBuildPhase;
			buildActionMask = 2147483647;
			files = (
			);
			runOnlyForDeploymentPostprocessing = 0;
		};
		E0A5D57E1FAECEBB00BB797B /* Frameworks */ = {
			isa = PBXFrameworksBuildPhase;
			buildActionMask = 2147483647;
			files = (
			);
			runOnlyForDeploymentPostprocessing = 0;
		};
/* End PBXFrameworksBuildPhase section */

/* Begin PBXGroup section */
		E0A5D5561FAECEBA00BB797B = {
			isa = PBXGroup;
			children = (
				E018486C1FAF68A4006F8EF0 /* Tweet+CoreDataClass.swift */,
				E018486D1FAF68A4006F8EF0 /* Tweet+CoreDataProperties.swift */,
				E01848681FAF6885006F8EF0 /* User+CoreDataClass.swift */,
				E01848691FAF6885006F8EF0 /* User+CoreDataProperties.swift */,
				E0A5D5611FAECEBA00BB797B /* CoreDataTwitter */,
				E0A5D5791FAECEBB00BB797B /* CoreDataTwitterTests */,
				E0A5D5841FAECEBB00BB797B /* CoreDataTwitterUITests */,
				E0A5D5601FAECEBA00BB797B /* Products */,
			);
			sourceTree = "<group>";
		};
		E0A5D5601FAECEBA00BB797B /* Products */ = {
			isa = PBXGroup;
			children = (
				E0A5D55F1FAECEBA00BB797B /* CoreDataTwitter.app */,
				E0A5D5761FAECEBB00BB797B /* CoreDataTwitterTests.xctest */,
				E0A5D5811FAECEBB00BB797B /* CoreDataTwitterUITests.xctest */,
			);
			name = Products;
			sourceTree = "<group>";
		};
		E0A5D5611FAECEBA00BB797B /* CoreDataTwitter */ = {
			isa = PBXGroup;
			children = (
				E0A5D5621FAECEBB00BB797B /* AppDelegate.swift */,
				E0A5D5641FAECEBB00BB797B /* LoginViewController.swift */,
				E01848701FAF6D16006F8EF0 /* TweetsListViewController.swift */,
				E01848741FAF75B3006F8EF0 /* TweetTableViewCell.swift */,
				E01848721FAF6FF2006F8EF0 /* AddTweetViewController.swift */,
				E0A5D5661FAECEBB00BB797B /* Main.storyboard */,
				E0A5D56C1FAECEBB00BB797B /* Assets.xcassets */,
				E0A5D56E1FAECEBB00BB797B /* LaunchScreen.storyboard */,
				E0A5D5711FAECEBB00BB797B /* Info.plist */,
				E0A5D5691FAECEBB00BB797B /* CoreDataTwitter.xcdatamodeld */,
			);
			path = CoreDataTwitter;
			sourceTree = "<group>";
		};
		E0A5D5791FAECEBB00BB797B /* CoreDataTwitterTests */ = {
			isa = PBXGroup;
			children = (
				E0A5D57A1FAECEBB00BB797B /* CoreDataTwitterTests.swift */,
				E0A5D57C1FAECEBB00BB797B /* Info.plist */,
			);
			path = CoreDataTwitterTests;
			sourceTree = "<group>";
		};
		E0A5D5841FAECEBB00BB797B /* CoreDataTwitterUITests */ = {
			isa = PBXGroup;
			children = (
				E0A5D5851FAECEBB00BB797B /* CoreDataTwitterUITests.swift */,
				E0A5D5871FAECEBB00BB797B /* Info.plist */,
			);
			path = CoreDataTwitterUITests;
			sourceTree = "<group>";
		};
/* End PBXGroup section */

/* Begin PBXNativeTarget section */
		E0A5D55E1FAECEBA00BB797B /* CoreDataTwitter */ = {
			isa = PBXNativeTarget;
			buildConfigurationList = E0A5D58A1FAECEBB00BB797B /* Build configuration list for PBXNativeTarget "CoreDataTwitter" */;
			buildPhases = (
				E0A5D55B1FAECEBA00BB797B /* Sources */,
				E0A5D55C1FAECEBA00BB797B /* Frameworks */,
				E0A5D55D1FAECEBA00BB797B /* Resources */,
			);
			buildRules = (
			);
			dependencies = (
			);
			name = CoreDataTwitter;
			productName = CoreDataTwitter;
			productReference = E0A5D55F1FAECEBA00BB797B /* CoreDataTwitter.app */;
			productType = "com.apple.product-type.application";
		};
		E0A5D5751FAECEBB00BB797B /* CoreDataTwitterTests */ = {
			isa = PBXNativeTarget;
			buildConfigurationList = E0A5D58D1FAECEBB00BB797B /* Build configuration list for PBXNativeTarget "CoreDataTwitterTests" */;
			buildPhases = (
				E0A5D5721FAECEBB00BB797B /* Sources */,
				E0A5D5731FAECEBB00BB797B /* Frameworks */,
				E0A5D5741FAECEBB00BB797B /* Resources */,
			);
			buildRules = (
			);
			dependencies = (
				E0A5D5781FAECEBB00BB797B /* PBXTargetDependency */,
			);
			name = CoreDataTwitterTests;
			productName = CoreDataTwitterTests;
			productReference = E0A5D5761FAECEBB00BB797B /* CoreDataTwitterTests.xctest */;
			productType = "com.apple.product-type.bundle.unit-test";
		};
		E0A5D5801FAECEBB00BB797B /* CoreDataTwitterUITests */ = {
			isa = PBXNativeTarget;
			buildConfigurationList = E0A5D5901FAECEBB00BB797B /* Build configuration list for PBXNativeTarget "CoreDataTwitterUITests" */;
			buildPhases = (
				E0A5D57D1FAECEBB00BB797B /* Sources */,
				E0A5D57E1FAECEBB00BB797B /* Frameworks */,
				E0A5D57F1FAECEBB00BB797B /* Resources */,
			);
			buildRules = (
			);
			dependencies = (
				E0A5D5831FAECEBB00BB797B /* PBXTargetDependency */,
			);
			name = CoreDataTwitterUITests;
			productName = CoreDataTwitterUITests;
			productReference = E0A5D5811FAECEBB00BB797B /* CoreDataTwitterUITests.xctest */;
			productType = "com.apple.product-type.bundle.ui-testing";
		};
/* End PBXNativeTarget section */

/* Begin PBXProject section */
		E0A5D5571FAECEBA00BB797B /* Project object */ = {
			isa = PBXProject;
			attributes = {
				LastSwiftUpdateCheck = 0900;
				LastUpgradeCheck = 0900;
				ORGANIZATIONNAME = "SuryaKant Sharma";
				TargetAttributes = {
					E0A5D55E1FAECEBA00BB797B = {
						CreatedOnToolsVersion = 9.0;
						ProvisioningStyle = Automatic;
					};
					E0A5D5751FAECEBB00BB797B = {
						CreatedOnToolsVersion = 9.0;
						ProvisioningStyle = Automatic;
						TestTargetID = E0A5D55E1FAECEBA00BB797B;
					};
					E0A5D5801FAECEBB00BB797B = {
						CreatedOnToolsVersion = 9.0;
						ProvisioningStyle = Automatic;
						TestTargetID = E0A5D55E1FAECEBA00BB797B;
					};
				};
			};
			buildConfigurationList = E0A5D55A1FAECEBA00BB797B /* Build configuration list for PBXProject "CoreDataTwitter" */;
			compatibilityVersion = "Xcode 8.0";
			developmentRegion = en;
			hasScannedForEncodings = 0;
			knownRegions = (
				en,
				Base,
			);
			mainGroup = E0A5D5561FAECEBA00BB797B;
			productRefGroup = E0A5D5601FAECEBA00BB797B /* Products */;
			projectDirPath = "";
			projectRoot = "";
			targets = (
				E0A5D55E1FAECEBA00BB797B /* CoreDataTwitter */,
				E0A5D5751FAECEBB00BB797B /* CoreDataTwitterTests */,
				E0A5D5801FAECEBB00BB797B /* CoreDataTwitterUITests */,
			);
		};
/* End PBXProject section */

/* Begin PBXResourcesBuildPhase section */
		E0A5D55D1FAECEBA00BB797B /* Resources */ = {
			isa = PBXResourcesBuildPhase;
			buildActionMask = 2147483647;
			files = (
				E0A5D5701FAECEBB00BB797B /* LaunchScreen.storyboard in Resources */,
				E0A5D56D1FAECEBB00BB797B /* Assets.xcassets in Resources */,
				E0A5D5681FAECEBB00BB797B /* Main.storyboard in Resources */,
			);
			runOnlyForDeploymentPostprocessing = 0;
		};
		E0A5D5741FAECEBB00BB797B /* Resources */ = {
			isa = PBXResourcesBuildPhase;
			buildActionMask = 2147483647;
			files = (
			);
			runOnlyForDeploymentPostprocessing = 0;
		};
		E0A5D57F1FAECEBB00BB797B /* Resources */ = {
			isa = PBXResourcesBuildPhase;
			buildActionMask = 2147483647;
			files = (
			);
			runOnlyForDeploymentPostprocessing = 0;
		};
/* End PBXResourcesBuildPhase section */

/* Begin PBXSourcesBuildPhase section */
		E0A5D55B1FAECEBA00BB797B /* Sources */ = {
			isa = PBXSourcesBuildPhase;
			buildActionMask = 2147483647;
			files = (
				E01848711FAF6D16006F8EF0 /* TweetsListViewController.swift in Sources */,
				E0A5D5651FAECEBB00BB797B /* LoginViewController.swift in Sources */,
				E0A5D56B1FAECEBB00BB797B /* CoreDataTwitter.xcdatamodeld in Sources */,
				E01848751FAF75B3006F8EF0 /* TweetTableViewCell.swift in Sources */,
				E01848731FAF6FF2006F8EF0 /* AddTweetViewController.swift in Sources */,
				E018486A1FAF6885006F8EF0 /* User+CoreDataClass.swift in Sources */,
				E018486E1FAF68A4006F8EF0 /* Tweet+CoreDataClass.swift in Sources */,
				E018486F1FAF68A4006F8EF0 /* Tweet+CoreDataProperties.swift in Sources */,
				E018486B1FAF6885006F8EF0 /* User+CoreDataProperties.swift in Sources */,
				E0A5D5631FAECEBB00BB797B /* AppDelegate.swift in Sources */,
			);
			runOnlyForDeploymentPostprocessing = 0;
		};
		E0A5D5721FAECEBB00BB797B /* Sources */ = {
			isa = PBXSourcesBuildPhase;
			buildActionMask = 2147483647;
			files = (
				E0A5D57B1FAECEBB00BB797B /* CoreDataTwitterTests.swift in Sources */,
			);
			runOnlyForDeploymentPostprocessing = 0;
		};
		E0A5D57D1FAECEBB00BB797B /* Sources */ = {
			isa = PBXSourcesBuildPhase;
			buildActionMask = 2147483647;
			files = (
				E0A5D5861FAECEBB00BB797B /* CoreDataTwitterUITests.swift in Sources */,
			);
			runOnlyForDeploymentPostprocessing = 0;
		};
/* End PBXSourcesBuildPhase section */

/* Begin PBXTargetDependency section */
		E0A5D5781FAECEBB00BB797B /* PBXTargetDependency */ = {
			isa = PBXTargetDependency;
			target = E0A5D55E1FAECEBA00BB797B /* CoreDataTwitter */;
			targetProxy = E0A5D5771FAECEBB00BB797B /* PBXContainerItemProxy */;
		};
		E0A5D5831FAECEBB00BB797B /* PBXTargetDependency */ = {
			isa = PBXTargetDependency;
			target = E0A5D55E1FAECEBA00BB797B /* CoreDataTwitter */;
			targetProxy = E0A5D5821FAECEBB00BB797B /* PBXContainerItemProxy */;
		};
/* End PBXTargetDependency section */

/* Begin PBXVariantGroup section */
		E0A5D5661FAECEBB00BB797B /* Main.storyboard */ = {
			isa = PBXVariantGroup;
			children = (
				E0A5D5671FAECEBB00BB797B /* Base */,
			);
			name = Main.storyboard;
			sourceTree = "<group>";
		};
		E0A5D56E1FAECEBB00BB797B /* LaunchScreen.storyboard */ = {
			isa = PBXVariantGroup;
			children = (
				E0A5D56F1FAECEBB00BB797B /* Base */,
			);
			name = LaunchScreen.storyboard;
			sourceTree = "<group>";
		};
/* End PBXVariantGroup section */

/* Begin XCBuildConfiguration section */
		E0A5D5881FAECEBB00BB797B /* Debug */ = {
			isa = XCBuildConfiguration;
			buildSettings = {
				ALWAYS_SEARCH_USER_PATHS = NO;
				CLANG_ANALYZER_NONNULL = YES;
				CLANG_ANALYZER_NUMBER_OBJECT_CONVERSION = YES_AGGRESSIVE;
				CLANG_CXX_LANGUAGE_STANDARD = "gnu++14";
				CLANG_CXX_LIBRARY = "libc++";
				CLANG_ENABLE_MODULES = YES;
				CLANG_ENABLE_OBJC_ARC = YES;
				CLANG_WARN_BLOCK_CAPTURE_AUTORELEASING = YES;
				CLANG_WARN_BOOL_CONVERSION = YES;
				CLANG_WARN_COMMA = YES;
				CLANG_WARN_CONSTANT_CONVERSION = YES;
				CLANG_WARN_DIRECT_OBJC_ISA_USAGE = YES_ERROR;
				CLANG_WARN_DOCUMENTATION_COMMENTS = YES;
				CLANG_WARN_EMPTY_BODY = YES;
				CLANG_WARN_ENUM_CONVERSION = YES;
				CLANG_WARN_INFINITE_RECURSION = YES;
				CLANG_WARN_INT_CONVERSION = YES;
				CLANG_WARN_NON_LITERAL_NULL_CONVERSION = YES;
				CLANG_WARN_OBJC_LITERAL_CONVERSION = YES;
				CLANG_WARN_OBJC_ROOT_CLASS = YES_ERROR;
				CLANG_WARN_RANGE_LOOP_ANALYSIS = YES;
				CLANG_WARN_STRICT_PROTOTYPES = YES;
				CLANG_WARN_SUSPICIOUS_MOVE = YES;
				CLANG_WARN_UNGUARDED_AVAILABILITY = YES_AGGRESSIVE;
				CLANG_WARN_UNREACHABLE_CODE = YES;
				CLANG_WARN__DUPLICATE_METHOD_MATCH = YES;
				CODE_SIGN_IDENTITY = "iPhone Developer";
				COPY_PHASE_STRIP = NO;
				DEBUG_INFORMATION_FORMAT = dwarf;
				ENABLE_STRICT_OBJC_MSGSEND = YES;
				ENABLE_TESTABILITY = YES;
				GCC_C_LANGUAGE_STANDARD = gnu11;
				GCC_DYNAMIC_NO_PIC = NO;
				GCC_NO_COMMON_BLOCKS = YES;
				GCC_OPTIMIZATION_LEVEL = 0;
				GCC_PREPROCESSOR_DEFINITIONS = (
					"DEBUG=1",
					"$(inherited)",
				);
				GCC_WARN_64_TO_32_BIT_CONVERSION = YES;
				GCC_WARN_ABOUT_RETURN_TYPE = YES_ERROR;
				GCC_WARN_UNDECLARED_SELECTOR = YES;
				GCC_WARN_UNINITIALIZED_AUTOS = YES_AGGRESSIVE;
				GCC_WARN_UNUSED_FUNCTION = YES;
				GCC_WARN_UNUSED_VARIABLE = YES;
				IPHONEOS_DEPLOYMENT_TARGET = 11.0;
				MTL_ENABLE_DEBUG_INFO = YES;
				ONLY_ACTIVE_ARCH = YES;
				SDKROOT = iphoneos;
				SWIFT_ACTIVE_COMPILATION_CONDITIONS = DEBUG;
				SWIFT_OPTIMIZATION_LEVEL = "-Onone";
			};
			name = Debug;
		};
		E0A5D5891FAECEBB00BB797B /* Release */ = {
			isa = XCBuildConfiguration;
			buildSettings = {
				ALWAYS_SEARCH_USER_PATHS = NO;
				CLANG_ANALYZER_NONNULL = YES;
				CLANG_ANALYZER_NUMBER_OBJECT_CONVERSION = YES_AGGRESSIVE;
				CLANG_CXX_LANGUAGE_STANDARD = "gnu++14";
				CLANG_CXX_LIBRARY = "libc++";
				CLANG_ENABLE_MODULES = YES;
				CLANG_ENABLE_OBJC_ARC = YES;
				CLANG_WARN_BLOCK_CAPTURE_AUTORELEASING = YES;
				CLANG_WARN_BOOL_CONVERSION = YES;
				CLANG_WARN_COMMA = YES;
				CLANG_WARN_CONSTANT_CONVERSION = YES;
				CLANG_WARN_DIRECT_OBJC_ISA_USAGE = YES_ERROR;
				CLANG_WARN_DOCUMENTATION_COMMENTS = YES;
				CLANG_WARN_EMPTY_BODY = YES;
				CLANG_WARN_ENUM_CONVERSION = YES;
				CLANG_WARN_INFINITE_RECURSION = YES;
				CLANG_WARN_INT_CONVERSION = YES;
				CLANG_WARN_NON_LITERAL_NULL_CONVERSION = YES;
				CLANG_WARN_OBJC_LITERAL_CONVERSION = YES;
				CLANG_WARN_OBJC_ROOT_CLASS = YES_ERROR;
				CLANG_WARN_RANGE_LOOP_ANALYSIS = YES;
				CLANG_WARN_STRICT_PROTOTYPES = YES;
				CLANG_WARN_SUSPICIOUS_MOVE = YES;
				CLANG_WARN_UNGUARDED_AVAILABILITY = YES_AGGRESSIVE;
				CLANG_WARN_UNREACHABLE_CODE = YES;
				CLANG_WARN__DUPLICATE_METHOD_MATCH = YES;
				CODE_SIGN_IDENTITY = "iPhone Developer";
				COPY_PHASE_STRIP = NO;
				DEBUG_INFORMATION_FORMAT = "dwarf-with-dsym";
				ENABLE_NS_ASSERTIONS = NO;
				ENABLE_STRICT_OBJC_MSGSEND = YES;
				GCC_C_LANGUAGE_STANDARD = gnu11;
				GCC_NO_COMMON_BLOCKS = YES;
				GCC_WARN_64_TO_32_BIT_CONVERSION = YES;
				GCC_WARN_ABOUT_RETURN_TYPE = YES_ERROR;
				GCC_WARN_UNDECLARED_SELECTOR = YES;
				GCC_WARN_UNINITIALIZED_AUTOS = YES_AGGRESSIVE;
				GCC_WARN_UNUSED_FUNCTION = YES;
				GCC_WARN_UNUSED_VARIABLE = YES;
				IPHONEOS_DEPLOYMENT_TARGET = 11.0;
				MTL_ENABLE_DEBUG_INFO = NO;
				SDKROOT = iphoneos;
				SWIFT_OPTIMIZATION_LEVEL = "-Owholemodule";
				VALIDATE_PRODUCT = YES;
			};
			name = Release;
		};
		E0A5D58B1FAECEBB00BB797B /* Debug */ = {
			isa = XCBuildConfiguration;
			buildSettings = {
				ASSETCATALOG_COMPILER_APPICON_NAME = AppIcon;
				CODE_SIGN_STYLE = Automatic;
				INFOPLIST_FILE = CoreDataTwitter/Info.plist;
				LD_RUNPATH_SEARCH_PATHS = "$(inherited) @executable_path/Frameworks";
				PRODUCT_BUNDLE_IDENTIFIER = com.GitHub.CoreData.CoreDataTwitter;
				PRODUCT_NAME = "$(TARGET_NAME)";
				SWIFT_VERSION = 4.0;
				TARGETED_DEVICE_FAMILY = "1,2";
			};
			name = Debug;
		};
		E0A5D58C1FAECEBB00BB797B /* Release */ = {
			isa = XCBuildConfiguration;
			buildSettings = {
				ASSETCATALOG_COMPILER_APPICON_NAME = AppIcon;
				CODE_SIGN_STYLE = Automatic;
				INFOPLIST_FILE = CoreDataTwitter/Info.plist;
				LD_RUNPATH_SEARCH_PATHS = "$(inherited) @executable_path/Frameworks";
				PRODUCT_BUNDLE_IDENTIFIER = com.GitHub.CoreData.CoreDataTwitter;
				PRODUCT_NAME = "$(TARGET_NAME)";
				SWIFT_VERSION = 4.0;
				TARGETED_DEVICE_FAMILY = "1,2";
			};
			name = Release;
		};
		E0A5D58E1FAECEBB00BB797B /* Debug */ = {
			isa = XCBuildConfiguration;
			buildSettings = {
				ALWAYS_EMBED_SWIFT_STANDARD_LIBRARIES = YES;
				BUNDLE_LOADER = "$(TEST_HOST)";
				CODE_SIGN_STYLE = Automatic;
				INFOPLIST_FILE = CoreDataTwitterTests/Info.plist;
				LD_RUNPATH_SEARCH_PATHS = "$(inherited) @executable_path/Frameworks @loader_path/Frameworks";
				PRODUCT_BUNDLE_IDENTIFIER = com.GitHub.CoreData.CoreDataTwitterTests;
				PRODUCT_NAME = "$(TARGET_NAME)";
				SWIFT_VERSION = 4.0;
				TARGETED_DEVICE_FAMILY = "1,2";
				TEST_HOST = "$(BUILT_PRODUCTS_DIR)/CoreDataTwitter.app/CoreDataTwitter";
			};
			name = Debug;
		};
		E0A5D58F1FAECEBB00BB797B /* Release */ = {
			isa = XCBuildConfiguration;
			buildSettings = {
				ALWAYS_EMBED_SWIFT_STANDARD_LIBRARIES = YES;
				BUNDLE_LOADER = "$(TEST_HOST)";
				CODE_SIGN_STYLE = Automatic;
				INFOPLIST_FILE = CoreDataTwitterTests/Info.plist;
				LD_RUNPATH_SEARCH_PATHS = "$(inherited) @executable_path/Frameworks @loader_path/Frameworks";
				PRODUCT_BUNDLE_IDENTIFIER = com.GitHub.CoreData.CoreDataTwitterTests;
				PRODUCT_NAME = "$(TARGET_NAME)";
				SWIFT_VERSION = 4.0;
				TARGETED_DEVICE_FAMILY = "1,2";
				TEST_HOST = "$(BUILT_PRODUCTS_DIR)/CoreDataTwitter.app/CoreDataTwitter";
			};
			name = Release;
		};
		E0A5D5911FAECEBB00BB797B /* Debug */ = {
			isa = XCBuildConfiguration;
			buildSettings = {
				ALWAYS_EMBED_SWIFT_STANDARD_LIBRARIES = YES;
				CODE_SIGN_STYLE = Automatic;
				INFOPLIST_FILE = CoreDataTwitterUITests/Info.plist;
				LD_RUNPATH_SEARCH_PATHS = "$(inherited) @executable_path/Frameworks @loader_path/Frameworks";
				PRODUCT_BUNDLE_IDENTIFIER = com.GitHub.CoreData.CoreDataTwitterUITests;
				PRODUCT_NAME = "$(TARGET_NAME)";
				SWIFT_VERSION = 4.0;
				TARGETED_DEVICE_FAMILY = "1,2";
				TEST_TARGET_NAME = CoreDataTwitter;
			};
			name = Debug;
		};
		E0A5D5921FAECEBB00BB797B /* Release */ = {
			isa = XCBuildConfiguration;
			buildSettings = {
				ALWAYS_EMBED_SWIFT_STANDARD_LIBRARIES = YES;
				CODE_SIGN_STYLE = Automatic;
				INFOPLIST_FILE = CoreDataTwitterUITests/Info.plist;
				LD_RUNPATH_SEARCH_PATHS = "$(inherited) @executable_path/Frameworks @loader_path/Frameworks";
				PRODUCT_BUNDLE_IDENTIFIER = com.GitHub.CoreData.CoreDataTwitterUITests;
				PRODUCT_NAME = "$(TARGET_NAME)";
				SWIFT_VERSION = 4.0;
				TARGETED_DEVICE_FAMILY = "1,2";
				TEST_TARGET_NAME = CoreDataTwitter;
			};
			name = Release;
		};
/* End XCBuildConfiguration section */

/* Begin XCConfigurationList section */
		E0A5D55A1FAECEBA00BB797B /* Build configuration list for PBXProject "CoreDataTwitter" */ = {
			isa = XCConfigurationList;
			buildConfigurations = (
				E0A5D5881FAECEBB00BB797B /* Debug */,
				E0A5D5891FAECEBB00BB797B /* Release */,
			);
			defaultConfigurationIsVisible = 0;
			defaultConfigurationName = Release;
		};
		E0A5D58A1FAECEBB00BB797B /* Build configuration list for PBXNativeTarget "CoreDataTwitter" */ = {
			isa = XCConfigurationList;
			buildConfigurations = (
				E0A5D58B1FAECEBB00BB797B /* Debug */,
				E0A5D58C1FAECEBB00BB797B /* Release */,
			);
			defaultConfigurationIsVisible = 0;
			defaultConfigurationName = Release;
		};
		E0A5D58D1FAECEBB00BB797B /* Build configuration list for PBXNativeTarget "CoreDataTwitterTests" */ = {
			isa = XCConfigurationList;
			buildConfigurations = (
				E0A5D58E1FAECEBB00BB797B /* Debug */,
				E0A5D58F1FAECEBB00BB797B /* Release */,
			);
			defaultConfigurationIsVisible = 0;
			defaultConfigurationName = Release;
		};
		E0A5D5901FAECEBB00BB797B /* Build configuration list for PBXNativeTarget "CoreDataTwitterUITests" */ = {
			isa = XCConfigurationList;
			buildConfigurations = (
				E0A5D5911FAECEBB00BB797B /* Debug */,
				E0A5D5921FAECEBB00BB797B /* Release */,
			);
			defaultConfigurationIsVisible = 0;
			defaultConfigurationName = Release;
		};
/* End XCConfigurationList section */

/* Begin XCVersionGroup section */
		E0A5D5691FAECEBB00BB797B /* CoreDataTwitter.xcdatamodeld */ = {
			isa = XCVersionGroup;
			children = (
				E0A5D56A1FAECEBB00BB797B /* CoreDataTwitter.xcdatamodel */,
			);
			currentVersion = E0A5D56A1FAECEBB00BB797B /* CoreDataTwitter.xcdatamodel */;
			path = CoreDataTwitter.xcdatamodeld;
			sourceTree = "<group>";
			versionGroupType = wrapper.xcdatamodel;
		};
/* End XCVersionGroup section */
	};
	rootObject = E0A5D5571FAECEBA00BB797B /* Project object */;
}
